// !$*UTF8*$!
{
	archiveVersion = 1;
	classes = {
	};
	objectVersion = 51;
	objects = {

/* Begin PBXBuildFile section */
		2D056E81B12D07A14C329CD2 /* Pods_pixabay.framework in Frameworks */ = {isa = PBXBuildFile; fileRef = BFAFEA9A18D1BBAF68A019B8 /* Pods_pixabay.framework */; };
		F72CF6F424CC1E0E007F4311 /* AppDelegate.swift in Sources */ = {isa = PBXBuildFile; fileRef = F72CF6F324CC1E0E007F4311 /* AppDelegate.swift */; };
		F72CF6F624CC1E0E007F4311 /* SceneDelegate.swift in Sources */ = {isa = PBXBuildFile; fileRef = F72CF6F524CC1E0E007F4311 /* SceneDelegate.swift */; };
		F72CF6F824CC1E0E007F4311 /* ViewController.swift in Sources */ = {isa = PBXBuildFile; fileRef = F72CF6F724CC1E0E007F4311 /* ViewController.swift */; };
		F72CF6FB24CC1E0E007F4311 /* Main.storyboard in Resources */ = {isa = PBXBuildFile; fileRef = F72CF6F924CC1E0E007F4311 /* Main.storyboard */; };
		F72CF6FD24CC1E0F007F4311 /* Assets.xcassets in Resources */ = {isa = PBXBuildFile; fileRef = F72CF6FC24CC1E0F007F4311 /* Assets.xcassets */; };
		F72CF70024CC1E0F007F4311 /* LaunchScreen.storyboard in Resources */ = {isa = PBXBuildFile; fileRef = F72CF6FE24CC1E0F007F4311 /* LaunchScreen.storyboard */; };
		F72CF70D24CC2278007F4311 /* ImageResponse.swift in Sources */ = {isa = PBXBuildFile; fileRef = F72CF70C24CC2277007F4311 /* ImageResponse.swift */; };
/* End PBXBuildFile section */

/* Begin PBXFileReference section */
		19E8CF2286B5E1D0EC30160E /* Pods-pixabay.release.xcconfig */ = {isa = PBXFileReference; includeInIndex = 1; lastKnownFileType = text.xcconfig; name = "Pods-pixabay.release.xcconfig"; path = "Target Support Files/Pods-pixabay/Pods-pixabay.release.xcconfig"; sourceTree = "<group>"; };
		BFAFEA9A18D1BBAF68A019B8 /* Pods_pixabay.framework */ = {isa = PBXFileReference; explicitFileType = wrapper.framework; includeInIndex = 0; path = Pods_pixabay.framework; sourceTree = BUILT_PRODUCTS_DIR; };
		C16F4F4D9C676896960CE9F0 /* Pods-pixabay.debug.xcconfig */ = {isa = PBXFileReference; includeInIndex = 1; lastKnownFileType = text.xcconfig; name = "Pods-pixabay.debug.xcconfig"; path = "Target Support Files/Pods-pixabay/Pods-pixabay.debug.xcconfig"; sourceTree = "<group>"; };
		F72CF6F024CC1E0E007F4311 /* pixabay.app */ = {isa = PBXFileReference; explicitFileType = wrapper.application; includeInIndex = 0; path = pixabay.app; sourceTree = BUILT_PRODUCTS_DIR; };
		F72CF6F324CC1E0E007F4311 /* AppDelegate.swift */ = {isa = PBXFileReference; lastKnownFileType = sourcecode.swift; path = AppDelegate.swift; sourceTree = "<group>"; };
		F72CF6F524CC1E0E007F4311 /* SceneDelegate.swift */ = {isa = PBXFileReference; lastKnownFileType = sourcecode.swift; path = SceneDelegate.swift; sourceTree = "<group>"; };
		F72CF6F724CC1E0E007F4311 /* ViewController.swift */ = {isa = PBXFileReference; lastKnownFileType = sourcecode.swift; path = ViewController.swift; sourceTree = "<group>"; };
		F72CF6FA24CC1E0E007F4311 /* Base */ = {isa = PBXFileReference; lastKnownFileType = file.storyboard; name = Base; path = Base.lproj/Main.storyboard; sourceTree = "<group>"; };
		F72CF6FC24CC1E0F007F4311 /* Assets.xcassets */ = {isa = PBXFileReference; lastKnownFileType = folder.assetcatalog; path = Assets.xcassets; sourceTree = "<group>"; };
		F72CF6FF24CC1E0F007F4311 /* Base */ = {isa = PBXFileReference; lastKnownFileType = file.storyboard; name = Base; path = Base.lproj/LaunchScreen.storyboard; sourceTree = "<group>"; };
		F72CF70124CC1E0F007F4311 /* Info.plist */ = {isa = PBXFileReference; lastKnownFileType = text.plist.xml; path = Info.plist; sourceTree = "<group>"; };
		F72CF70C24CC2277007F4311 /* ImageResponse.swift */ = {isa = PBXFileReference; lastKnownFileType = sourcecode.swift; path = ImageResponse.swift; sourceTree = "<group>"; };
/* End PBXFileReference section */

/* Begin PBXFrameworksBuildPhase section */
		F72CF6ED24CC1E0E007F4311 /* Frameworks */ = {
			isa = PBXFrameworksBuildPhase;
			buildActionMask = 2147483647;
			files = (
				2D056E81B12D07A14C329CD2 /* Pods_pixabay.framework in Frameworks */,
			);
			runOnlyForDeploymentPostprocessing = 0;
		};
/* End PBXFrameworksBuildPhase section */

/* Begin PBXGroup section */
		43074210F7E0485563D750E7 /* Pods */ = {
			isa = PBXGroup;
			children = (
				C16F4F4D9C676896960CE9F0 /* Pods-pixabay.debug.xcconfig */,
				19E8CF2286B5E1D0EC30160E /* Pods-pixabay.release.xcconfig */,
			);
			path = Pods;
			sourceTree = "<group>";
		};
		5EC23CDA484639BC9DAA85B8 /* Frameworks */ = {
			isa = PBXGroup;
			children = (
				BFAFEA9A18D1BBAF68A019B8 /* Pods_pixabay.framework */,
			);
			name = Frameworks;
			sourceTree = "<group>";
		};
		F72CF6E724CC1E0E007F4311 = {
			isa = PBXGroup;
			children = (
				F72CF6F224CC1E0E007F4311 /* pixabay */,
				F72CF6F124CC1E0E007F4311 /* Products */,
				43074210F7E0485563D750E7 /* Pods */,
				5EC23CDA484639BC9DAA85B8 /* Frameworks */,
			);
			sourceTree = "<group>";
		};
		F72CF6F124CC1E0E007F4311 /* Products */ = {
			isa = PBXGroup;
			children = (
				F72CF6F024CC1E0E007F4311 /* pixabay.app */,
			);
			name = Products;
			sourceTree = "<group>";
		};
		F72CF6F224CC1E0E007F4311 /* pixabay */ = {
			isa = PBXGroup;
			children = (
				F72CF70B24CC20BC007F4311 /* API */,
				F72CF70A24CC20AD007F4311 /* AppModules */,
				F72CF70824CC20A0007F4311 /* Model */,
				F72CF70724CC2098007F4311 /* Helpers */,
				F72CF6F324CC1E0E007F4311 /* AppDelegate.swift */,
				F72CF6F524CC1E0E007F4311 /* SceneDelegate.swift */,
				F72CF6F724CC1E0E007F4311 /* ViewController.swift */,
				F72CF6F924CC1E0E007F4311 /* Main.storyboard */,
				F72CF6FC24CC1E0F007F4311 /* Assets.xcassets */,
				F72CF6FE24CC1E0F007F4311 /* LaunchScreen.storyboard */,
				F72CF70124CC1E0F007F4311 /* Info.plist */,
			);
			path = pixabay;
			sourceTree = "<group>";
		};
		F72CF70724CC2098007F4311 /* Helpers */ = {
			isa = PBXGroup;
			children = (
			);
			path = Helpers;
			sourceTree = "<group>";
		};
		F72CF70824CC20A0007F4311 /* Model */ = {
			isa = PBXGroup;
			children = (
				F72CF70C24CC2277007F4311 /* ImageResponse.swift */,
			);
			path = Model;
			sourceTree = "<group>";
		};
		F72CF70A24CC20AD007F4311 /* AppModules */ = {
			isa = PBXGroup;
			children = (
			);
			path = AppModules;
			sourceTree = "<group>";
		};
		F72CF70B24CC20BC007F4311 /* API */ = {
			isa = PBXGroup;
			children = (
			);
			path = API;
			sourceTree = "<group>";
		};
/* End PBXGroup section */

/* Begin PBXNativeTarget section */
		F72CF6EF24CC1E0E007F4311 /* pixabay */ = {
			isa = PBXNativeTarget;
			buildConfigurationList = F72CF70424CC1E0F007F4311 /* Build configuration list for PBXNativeTarget "pixabay" */;
			buildPhases = (
				C75F96607CF546FEC7DCDABA /* [CP] Check Pods Manifest.lock */,
				F72CF6EC24CC1E0E007F4311 /* Sources */,
				F72CF6ED24CC1E0E007F4311 /* Frameworks */,
				F72CF6EE24CC1E0E007F4311 /* Resources */,
				AC0F0A2C663E0027F275F2BB /* [CP] Embed Pods Frameworks */,
			);
			buildRules = (
			);
			dependencies = (
			);
			name = pixabay;
			productName = pixabay;
			productReference = F72CF6F024CC1E0E007F4311 /* pixabay.app */;
			productType = "com.apple.product-type.application";
		};
/* End PBXNativeTarget section */

/* Begin PBXProject section */
		F72CF6E824CC1E0E007F4311 /* Project object */ = {
			isa = PBXProject;
			attributes = {
				LastSwiftUpdateCheck = 1160;
				LastUpgradeCheck = 1160;
				ORGANIZATIONNAME = "Kaan Ozdemir";
				TargetAttributes = {
					F72CF6EF24CC1E0E007F4311 = {
						CreatedOnToolsVersion = 11.6;
					};
				};
			};
			buildConfigurationList = F72CF6EB24CC1E0E007F4311 /* Build configuration list for PBXProject "pixabay" */;
			compatibilityVersion = "Xcode 9.3";
			developmentRegion = en;
			hasScannedForEncodings = 0;
			knownRegions = (
				en,
				Base,
			);
			mainGroup = F72CF6E724CC1E0E007F4311;
			productRefGroup = F72CF6F124CC1E0E007F4311 /* Products */;
			projectDirPath = "";
			projectRoot = "";
			targets = (
				F72CF6EF24CC1E0E007F4311 /* pixabay */,
			);
		};
/* End PBXProject section */

/* Begin PBXResourcesBuildPhase section */
		F72CF6EE24CC1E0E007F4311 /* Resources */ = {
			isa = PBXResourcesBuildPhase;
			buildActionMask = 2147483647;
			files = (
				F72CF70024CC1E0F007F4311 /* LaunchScreen.storyboard in Resources */,
				F72CF6FD24CC1E0F007F4311 /* Assets.xcassets in Resources */,
				F72CF6FB24CC1E0E007F4311 /* Main.storyboard in Resources */,
			);
			runOnlyForDeploymentPostprocessing = 0;
		};
/* End PBXResourcesBuildPhase section */

/* Begin PBXShellScriptBuildPhase section */
		AC0F0A2C663E0027F275F2BB /* [CP] Embed Pods Frameworks */ = {
			isa = PBXShellScriptBuildPhase;
			buildActionMask = 2147483647;
			files = (
			);
			inputFileListPaths = (
				"${PODS_ROOT}/Target Support Files/Pods-pixabay/Pods-pixabay-frameworks-${CONFIGURATION}-input-files.xcfilelist",
			);
			name = "[CP] Embed Pods Frameworks";
			outputFileListPaths = (
				"${PODS_ROOT}/Target Support Files/Pods-pixabay/Pods-pixabay-frameworks-${CONFIGURATION}-output-files.xcfilelist",
			);
			runOnlyForDeploymentPostprocessing = 0;
			shellPath = /bin/sh;
			shellScript = "\"${PODS_ROOT}/Target Support Files/Pods-pixabay/Pods-pixabay-frameworks.sh\"\n";
			showEnvVarsInLog = 0;
		};
		C75F96607CF546FEC7DCDABA /* [CP] Check Pods Manifest.lock */ = {
			isa = PBXShellScriptBuildPhase;
			buildActionMask = 2147483647;
			files = (
			);
			inputFileListPaths = (
			);
			inputPaths = (
				"${PODS_PODFILE_DIR_PATH}/Podfile.lock",
				"${PODS_ROOT}/Manifest.lock",
			);
			name = "[CP] Check Pods Manifest.lock";
			outputFileListPaths = (
			);
			outputPaths = (
				"$(DERIVED_FILE_DIR)/Pods-pixabay-checkManifestLockResult.txt",
			);
			runOnlyForDeploymentPostprocessing = 0;
			shellPath = /bin/sh;
			shellScript = "diff \"${PODS_PODFILE_DIR_PATH}/Podfile.lock\" \"${PODS_ROOT}/Manifest.lock\" > /dev/null\nif [ $? != 0 ] ; then\n    # print error to STDERR\n    echo \"error: The sandbox is not in sync with the Podfile.lock. Run 'pod install' or update your CocoaPods installation.\" >&2\n    exit 1\nfi\n# This output is used by Xcode 'outputs' to avoid re-running this script phase.\necho \"SUCCESS\" > \"${SCRIPT_OUTPUT_FILE_0}\"\n";
			showEnvVarsInLog = 0;
		};
/* End PBXShellScriptBuildPhase section */

/* Begin PBXSourcesBuildPhase section */
		F72CF6EC24CC1E0E007F4311 /* Sources */ = {
			isa = PBXSourcesBuildPhase;
			buildActionMask = 2147483647;
			files = (
				F72CF70D24CC2278007F4311 /* ImageResponse.swift in Sources */,
				F72CF6F824CC1E0E007F4311 /* ViewController.swift in Sources */,
				F72CF6F424CC1E0E007F4311 /* AppDelegate.swift in Sources */,
				F72CF6F624CC1E0E007F4311 /* SceneDelegate.swift in Sources */,
			);
			runOnlyForDeploymentPostprocessing = 0;
		};
/* End PBXSourcesBuildPhase section */

/* Begin PBXVariantGroup section */
		F72CF6F924CC1E0E007F4311 /* Main.storyboard */ = {
			isa = PBXVariantGroup;
			children = (
				F72CF6FA24CC1E0E007F4311 /* Base */,
			);
			name = Main.storyboard;
			sourceTree = "<group>";
		};
		F72CF6FE24CC1E0F007F4311 /* LaunchScreen.storyboard */ = {
			isa = PBXVariantGroup;
			children = (
				F72CF6FF24CC1E0F007F4311 /* Base */,
			);
			name = LaunchScreen.storyboard;
			sourceTree = "<group>";
		};
/* End PBXVariantGroup section */

/* Begin XCBuildConfiguration section */
		F72CF70224CC1E0F007F4311 /* Debug */ = {
			isa = XCBuildConfiguration;
			buildSettings = {
				ALWAYS_SEARCH_USER_PATHS = NO;
				CLANG_ANALYZER_NONNULL = YES;
				CLANG_ANALYZER_NUMBER_OBJECT_CONVERSION = YES_AGGRESSIVE;
				CLANG_CXX_LANGUAGE_STANDARD = "gnu++14";
				CLANG_CXX_LIBRARY = "libc++";
				CLANG_ENABLE_MODULES = YES;
				CLANG_ENABLE_OBJC_ARC = YES;
				CLANG_ENABLE_OBJC_WEAK = YES;
				CLANG_WARN_BLOCK_CAPTURE_AUTORELEASING = YES;
				CLANG_WARN_BOOL_CONVERSION = YES;
				CLANG_WARN_COMMA = YES;
				CLANG_WARN_CONSTANT_CONVERSION = YES;
				CLANG_WARN_DEPRECATED_OBJC_IMPLEMENTATIONS = YES;
				CLANG_WARN_DIRECT_OBJC_ISA_USAGE = YES_ERROR;
				CLANG_WARN_DOCUMENTATION_COMMENTS = YES;
				CLANG_WARN_EMPTY_BODY = YES;
				CLANG_WARN_ENUM_CONVERSION = YES;
				CLANG_WARN_INFINITE_RECURSION = YES;
				CLANG_WARN_INT_CONVERSION = YES;
				CLANG_WARN_NON_LITERAL_NULL_CONVERSION = YES;
				CLANG_WARN_OBJC_IMPLICIT_RETAIN_SELF = YES;
				CLANG_WARN_OBJC_LITERAL_CONVERSION = YES;
				CLANG_WARN_OBJC_ROOT_CLASS = YES_ERROR;
				CLANG_WARN_RANGE_LOOP_ANALYSIS = YES;
				CLANG_WARN_STRICT_PROTOTYPES = YES;
				CLANG_WARN_SUSPICIOUS_MOVE = YES;
				CLANG_WARN_UNGUARDED_AVAILABILITY = YES_AGGRESSIVE;
				CLANG_WARN_UNREACHABLE_CODE = YES;
				CLANG_WARN__DUPLICATE_METHOD_MATCH = YES;
				COPY_PHASE_STRIP = NO;
				DEBUG_INFORMATION_FORMAT = dwarf;
				ENABLE_STRICT_OBJC_MSGSEND = YES;
				ENABLE_TESTABILITY = YES;
				GCC_C_LANGUAGE_STANDARD = gnu11;
				GCC_DYNAMIC_NO_PIC = NO;
				GCC_NO_COMMON_BLOCKS = YES;
				GCC_OPTIMIZATION_LEVEL = 0;
				GCC_PREPROCESSOR_DEFINITIONS = (
					"DEBUG=1",
					"$(inherited)",
				);
				GCC_WARN_64_TO_32_BIT_CONVERSION = YES;
				GCC_WARN_ABOUT_RETURN_TYPE = YES_ERROR;
				GCC_WARN_UNDECLARED_SELECTOR = YES;
				GCC_WARN_UNINITIALIZED_AUTOS = YES_AGGRESSIVE;
				GCC_WARN_UNUSED_FUNCTION = YES;
				GCC_WARN_UNUSED_VARIABLE = YES;
				IPHONEOS_DEPLOYMENT_TARGET = 13.6;
				MTL_ENABLE_DEBUG_INFO = INCLUDE_SOURCE;
				MTL_FAST_MATH = YES;
				ONLY_ACTIVE_ARCH = YES;
				SDKROOT = iphoneos;
				SWIFT_ACTIVE_COMPILATION_CONDITIONS = DEBUG;
				SWIFT_OPTIMIZATION_LEVEL = "-Onone";
			};
			name = Debug;
		};
		F72CF70324CC1E0F007F4311 /* Release */ = {
			isa = XCBuildConfiguration;
			buildSettings = {
				ALWAYS_SEARCH_USER_PATHS = NO;
				CLANG_ANALYZER_NONNULL = YES;
				CLANG_ANALYZER_NUMBER_OBJECT_CONVERSION = YES_AGGRESSIVE;
				CLANG_CXX_LANGUAGE_STANDARD = "gnu++14";
				CLANG_CXX_LIBRARY = "libc++";
				CLANG_ENABLE_MODULES = YES;
				CLANG_ENABLE_OBJC_ARC = YES;
				CLANG_ENABLE_OBJC_WEAK = YES;
				CLANG_WARN_BLOCK_CAPTURE_AUTORELEASING = YES;
				CLANG_WARN_BOOL_CONVERSION = YES;
				CLANG_WARN_COMMA = YES;
				CLANG_WARN_CONSTANT_CONVERSION = YES;
				CLANG_WARN_DEPRECATED_OBJC_IMPLEMENTATIONS = YES;
				CLANG_WARN_DIRECT_OBJC_ISA_USAGE = YES_ERROR;
				CLANG_WARN_DOCUMENTATION_COMMENTS = YES;
				CLANG_WARN_EMPTY_BODY = YES;
				CLANG_WARN_ENUM_CONVERSION = YES;
				CLANG_WARN_INFINITE_RECURSION = YES;
				CLANG_WARN_INT_CONVERSION = YES;
				CLANG_WARN_NON_LITERAL_NULL_CONVERSION = YES;
				CLANG_WARN_OBJC_IMPLICIT_RETAIN_SELF = YES;
				CLANG_WARN_OBJC_LITERAL_CONVERSION = YES;
				CLANG_WARN_OBJC_ROOT_CLASS = YES_ERROR;
				CLANG_WARN_RANGE_LOOP_ANALYSIS = YES;
				CLANG_WARN_STRICT_PROTOTYPES = YES;
				CLANG_WARN_SUSPICIOUS_MOVE = YES;
				CLANG_WARN_UNGUARDED_AVAILABILITY = YES_AGGRESSIVE;
				CLANG_WARN_UNREACHABLE_CODE = YES;
				CLANG_WARN__DUPLICATE_METHOD_MATCH = YES;
				COPY_PHASE_STRIP = NO;
				DEBUG_INFORMATION_FORMAT = "dwarf-with-dsym";
				ENABLE_NS_ASSERTIONS = NO;
				ENABLE_STRICT_OBJC_MSGSEND = YES;
				GCC_C_LANGUAGE_STANDARD = gnu11;
				GCC_NO_COMMON_BLOCKS = YES;
				GCC_WARN_64_TO_32_BIT_CONVERSION = YES;
				GCC_WARN_ABOUT_RETURN_TYPE = YES_ERROR;
				GCC_WARN_UNDECLARED_SELECTOR = YES;
				GCC_WARN_UNINITIALIZED_AUTOS = YES_AGGRESSIVE;
				GCC_WARN_UNUSED_FUNCTION = YES;
				GCC_WARN_UNUSED_VARIABLE = YES;
				IPHONEOS_DEPLOYMENT_TARGET = 13.6;
				MTL_ENABLE_DEBUG_INFO = NO;
				MTL_FAST_MATH = YES;
				SDKROOT = iphoneos;
				SWIFT_COMPILATION_MODE = wholemodule;
				SWIFT_OPTIMIZATION_LEVEL = "-O";
				VALIDATE_PRODUCT = YES;
			};
			name = Release;
		};
		F72CF70524CC1E0F007F4311 /* Debug */ = {
			isa = XCBuildConfiguration;
			baseConfigurationReference = C16F4F4D9C676896960CE9F0 /* Pods-pixabay.debug.xcconfig */;
			buildSettings = {
				ASSETCATALOG_COMPILER_APPICON_NAME = AppIcon;
				CODE_SIGN_STYLE = Automatic;
				DEVELOPMENT_TEAM = 8ZB49XM27T;
				INFOPLIST_FILE = pixabay/Info.plist;
				LD_RUNPATH_SEARCH_PATHS = (
					"$(inherited)",
					"@executable_path/Frameworks",
				);
				PRODUCT_BUNDLE_IDENTIFIER = com.ko.pixabay;
				PRODUCT_NAME = "$(TARGET_NAME)";
				SWIFT_VERSION = 5.0;
				TARGETED_DEVICE_FAMILY = "1,2";
			};
			name = Debug;
		};
		F72CF70624CC1E0F007F4311 /* Release */ = {
			isa = XCBuildConfiguration;
			baseConfigurationReference = 19E8CF2286B5E1D0EC30160E /* Pods-pixabay.release.xcconfig */;
			buildSettings = {
				ASSETCATALOG_COMPILER_APPICON_NAME = AppIcon;
				CODE_SIGN_STYLE = Automatic;
				DEVELOPMENT_TEAM = 8ZB49XM27T;
				INFOPLIST_FILE = pixabay/Info.plist;
				LD_RUNPATH_SEARCH_PATHS = (
					"$(inherited)",
					"@executable_path/Frameworks",
				);
				PRODUCT_BUNDLE_IDENTIFIER = com.ko.pixabay;
				PRODUCT_NAME = "$(TARGET_NAME)";
				SWIFT_VERSION = 5.0;
				TARGETED_DEVICE_FAMILY = "1,2";
			};
			name = Release;
		};
/* End XCBuildConfiguration section */

/* Begin XCConfigurationList section */
		F72CF6EB24CC1E0E007F4311 /* Build configuration list for PBXProject "pixabay" */ = {
			isa = XCConfigurationList;
			buildConfigurations = (
				F72CF70224CC1E0F007F4311 /* Debug */,
				F72CF70324CC1E0F007F4311 /* Release */,
			);
			defaultConfigurationIsVisible = 0;
			defaultConfigurationName = Release;
		};
		F72CF70424CC1E0F007F4311 /* Build configuration list for PBXNativeTarget "pixabay" */ = {
			isa = XCConfigurationList;
			buildConfigurations = (
				F72CF70524CC1E0F007F4311 /* Debug */,
				F72CF70624CC1E0F007F4311 /* Release */,
			);
			defaultConfigurationIsVisible = 0;
			defaultConfigurationName = Release;
		};
/* End XCConfigurationList section */
	};
	rootObject = F72CF6E824CC1E0E007F4311 /* Project object */;
}
